
Microsoft Visual Studio Solution File, Format Version 12.00
# Visual Studio Version 17
VisualStudioVersion = 17.4.33122.133
MinimumVisualStudioVersion = 10.0.40219.1
Project("{9A19103F-16F7-4668-BE54-9A1E7A4F7556}") = "TePresto.Api", "TePresto.Api\TePresto.Api.csproj", "{C84632B5-3B44-4FE9-B168-AB0062068FB5}"
EndProject
Global
	GlobalSection(SolutionConfigurationPlatforms) = preSolution
		Debug|Any CPU = Debug|Any CPU
		Release|Any CPU = Release|Any CPU
	EndGlobalSection
	GlobalSection(ProjectConfigurationPlatforms) = postSolution
		{C84632B5-3B44-4FE9-B168-AB0062068FB5}.Debug|Any CPU.ActiveCfg = Debug|Any CPU
		{C84632B5-3B44-4FE9-B168-AB0062068FB5}.Debug|Any CPU.Build.0 = Debug|Any CPU
		{C84632B5-3B44-4FE9-B168-AB0062068FB5}.Release|Any CPU.ActiveCfg = Release|Any CPU
		{C84632B5-3B44-4FE9-B168-AB0062068FB5}.Release|Any CPU.Build.0 = Release|Any CPU
	EndGlobalSection
	GlobalSection(SolutionProperties) = preSolution
		HideSolutionNode = FALSE
	EndGlobalSection
	GlobalSection(ExtensibilityGlobals) = postSolution
		SolutionGuid = {100C4F78-9AD4-4C06-B951-4DFB55188234}
	EndGlobalSection
EndGlobal
